
Microsoft Visual Studio Solution File, Format Version 12.00
# Visual Studio 14
VisualStudioVersion = 14.0.24720.0
MinimumVisualStudioVersion = 10.0.40219.1
Project("{2150E333-8FDC-42A3-9474-1A3956D46DE8}") = "Engine", "Engine", "{113AF124-7BC2-4E78-9363-06EAEE59D680}"
EndProject
Project("{2150E333-8FDC-42A3-9474-1A3956D46DE8}") = "Games", "Games", "{C812EF6D-8E51-4F31-B890-65B94D5F8BB0}"
EndProject
Project("{8BC9CEB8-8B4A-11D0-8D11-00A0C91BC942}") = "UE4", "Intermediate\ProjectFiles\UE4.vcxproj", "{9CE97CBB-484B-4018-99A9-C4A74B8B4E02}"
EndProject
Project("{8BC9CEB8-8B4A-11D0-8D11-00A0C91BC942}") = "MtHash", "Intermediate\ProjectFiles\MtHash.vcxproj", "{2E35D85C-4568-4FC2-9DB6-2BDDBC9F7EFA}"
EndProject
Global
	GlobalSection(SolutionConfigurationPlatforms) = preSolution
		DebugGame Editor|Win32 = DebugGame Editor|Win32
		DebugGame Editor|Win64 = DebugGame Editor|Win64
		DebugGame|Win32 = DebugGame|Win32
		DebugGame|Win64 = DebugGame|Win64
		Development Editor|Win32 = Development Editor|Win32
		Development Editor|Win64 = Development Editor|Win64
		Development|Win32 = Development|Win32
		Development|Win64 = Development|Win64
		Shipping|Win32 = Shipping|Win32
		Shipping|Win64 = Shipping|Win64
	EndGlobalSection
	GlobalSection(ProjectConfigurationPlatforms) = postSolution
		{9CE97CBB-484B-4018-99A9-C4A74B8B4E02}.DebugGame Editor|Win32.ActiveCfg = BuiltWithUnrealBuildTool|Win32
		{9CE97CBB-484B-4018-99A9-C4A74B8B4E02}.DebugGame Editor|Win32.Build.0 = BuiltWithUnrealBuildTool|Win32
		{9CE97CBB-484B-4018-99A9-C4A74B8B4E02}.DebugGame Editor|Win64.ActiveCfg = BuiltWithUnrealBuildTool|Win32
		{9CE97CBB-484B-4018-99A9-C4A74B8B4E02}.DebugGame Editor|Win64.Build.0 = BuiltWithUnrealBuildTool|Win32
		{9CE97CBB-484B-4018-99A9-C4A74B8B4E02}.DebugGame|Win32.ActiveCfg = BuiltWithUnrealBuildTool|Win32
		{9CE97CBB-484B-4018-99A9-C4A74B8B4E02}.DebugGame|Win32.Build.0 = BuiltWithUnrealBuildTool|Win32
		{9CE97CBB-484B-4018-99A9-C4A74B8B4E02}.DebugGame|Win64.ActiveCfg = BuiltWithUnrealBuildTool|Win32
		{9CE97CBB-484B-4018-99A9-C4A74B8B4E02}.DebugGame|Win64.Build.0 = BuiltWithUnrealBuildTool|Win32
		{9CE97CBB-484B-4018-99A9-C4A74B8B4E02}.Development Editor|Win32.ActiveCfg = BuiltWithUnrealBuildTool|Win32
		{9CE97CBB-484B-4018-99A9-C4A74B8B4E02}.Development Editor|Win32.Build.0 = BuiltWithUnrealBuildTool|Win32
		{9CE97CBB-484B-4018-99A9-C4A74B8B4E02}.Development Editor|Win64.ActiveCfg = BuiltWithUnrealBuildTool|Win32
		{9CE97CBB-484B-4018-99A9-C4A74B8B4E02}.Development Editor|Win64.Build.0 = BuiltWithUnrealBuildTool|Win32
		{9CE97CBB-484B-4018-99A9-C4A74B8B4E02}.Development|Win32.ActiveCfg = BuiltWithUnrealBuildTool|Win32
		{9CE97CBB-484B-4018-99A9-C4A74B8B4E02}.Development|Win32.Build.0 = BuiltWithUnrealBuildTool|Win32
		{9CE97CBB-484B-4018-99A9-C4A74B8B4E02}.Development|Win64.ActiveCfg = BuiltWithUnrealBuildTool|Win32
		{9CE97CBB-484B-4018-99A9-C4A74B8B4E02}.Development|Win64.Build.0 = BuiltWithUnrealBuildTool|Win32
		{9CE97CBB-484B-4018-99A9-C4A74B8B4E02}.Shipping|Win32.ActiveCfg = BuiltWithUnrealBuildTool|Win32
		{9CE97CBB-484B-4018-99A9-C4A74B8B4E02}.Shipping|Win32.Build.0 = BuiltWithUnrealBuildTool|Win32
		{9CE97CBB-484B-4018-99A9-C4A74B8B4E02}.Shipping|Win64.ActiveCfg = BuiltWithUnrealBuildTool|Win32
		{9CE97CBB-484B-4018-99A9-C4A74B8B4E02}.Shipping|Win64.Build.0 = BuiltWithUnrealBuildTool|Win32
		{2E35D85C-4568-4FC2-9DB6-2BDDBC9F7EFA}.DebugGame Editor|Win32.ActiveCfg = DebugGame_Editor|Win32
		{2E35D85C-4568-4FC2-9DB6-2BDDBC9F7EFA}.DebugGame Editor|Win32.Build.0 = DebugGame_Editor|Win32
		{2E35D85C-4568-4FC2-9DB6-2BDDBC9F7EFA}.DebugGame Editor|Win64.ActiveCfg = DebugGame_Editor|x64
		{2E35D85C-4568-4FC2-9DB6-2BDDBC9F7EFA}.DebugGame Editor|Win64.Build.0 = DebugGame_Editor|x64
		{2E35D85C-4568-4FC2-9DB6-2BDDBC9F7EFA}.DebugGame|Win32.ActiveCfg = DebugGame_Game|Win32
		{2E35D85C-4568-4FC2-9DB6-2BDDBC9F7EFA}.DebugGame|Win32.Build.0 = DebugGame_Game|Win32
		{2E35D85C-4568-4FC2-9DB6-2BDDBC9F7EFA}.DebugGame|Win64.ActiveCfg = DebugGame_Game|x64
		{2E35D85C-4568-4FC2-9DB6-2BDDBC9F7EFA}.DebugGame|Win64.Build.0 = DebugGame_Game|x64
		{2E35D85C-4568-4FC2-9DB6-2BDDBC9F7EFA}.Development Editor|Win32.ActiveCfg = Development_Editor|Win32
		{2E35D85C-4568-4FC2-9DB6-2BDDBC9F7EFA}.Development Editor|Win32.Build.0 = Development_Editor|Win32
		{2E35D85C-4568-4FC2-9DB6-2BDDBC9F7EFA}.Development Editor|Win64.ActiveCfg = Development_Editor|x64
		{2E35D85C-4568-4FC2-9DB6-2BDDBC9F7EFA}.Development Editor|Win64.Build.0 = Development_Editor|x64
		{2E35D85C-4568-4FC2-9DB6-2BDDBC9F7EFA}.Development|Win32.ActiveCfg = Development_Game|Win32
		{2E35D85C-4568-4FC2-9DB6-2BDDBC9F7EFA}.Development|Win32.Build.0 = Development_Game|Win32
		{2E35D85C-4568-4FC2-9DB6-2BDDBC9F7EFA}.Development|Win64.ActiveCfg = Development_Game|x64
		{2E35D85C-4568-4FC2-9DB6-2BDDBC9F7EFA}.Development|Win64.Build.0 = Development_Game|x64
		{2E35D85C-4568-4FC2-9DB6-2BDDBC9F7EFA}.Shipping|Win32.ActiveCfg = Shipping_Game|Win32
		{2E35D85C-4568-4FC2-9DB6-2BDDBC9F7EFA}.Shipping|Win32.Build.0 = Shipping_Game|Win32
		{2E35D85C-4568-4FC2-9DB6-2BDDBC9F7EFA}.Shipping|Win64.ActiveCfg = Shipping_Game|x64
		{2E35D85C-4568-4FC2-9DB6-2BDDBC9F7EFA}.Shipping|Win64.Build.0 = Shipping_Game|x64
	EndGlobalSection
	GlobalSection(SolutionProperties) = preSolution
		HideSolutionNode = FALSE
	EndGlobalSection
	GlobalSection(NestedProjects) = preSolution
		{9CE97CBB-484B-4018-99A9-C4A74B8B4E02} = {113AF124-7BC2-4E78-9363-06EAEE59D680}
		{2E35D85C-4568-4FC2-9DB6-2BDDBC9F7EFA} = {C812EF6D-8E51-4F31-B890-65B94D5F8BB0}
	EndGlobalSection
EndGlobal
